{
  "requires": true,
  "lockfileVersion": 1,
  "dependencies": {
    "recoil": {
      "version": "0.1.3",
      "resolved": "https://registry.npmjs.org/recoil/-/recoil-0.1.3.tgz",
      "integrity": "sha512-/Rm7wN7jqCjhtFK1TgtK0V115SUXNu6d4QYvwxWNLydib0QChSmpB6U8CaHoRPS0MFWtAIsD/IFjpbfk/OYm7Q=="
    }
  }
}
